
Microsoft Visual Studio Solution File, Format Version 12.00
# Visual Studio Version 17
VisualStudioVersion = 17.2.32516.85
MinimumVisualStudioVersion = 10.0.40219.1
Project("{9A19103F-16F7-4668-BE54-9A1E7A4F7556}") = "CanonicStorageApp", "CanonicStorageApp\CanonicStorageApp.csproj", "{D3514BCF-41CF-4C5E-AB1D-D8C358D043A6}"
EndProject
Global
	GlobalSection(SolutionConfigurationPlatforms) = preSolution
		Debug|Any CPU = Debug|Any CPU
		Release|Any CPU = Release|Any CPU
	EndGlobalSection
	GlobalSection(ProjectConfigurationPlatforms) = postSolution
		{D3514BCF-41CF-4C5E-AB1D-D8C358D043A6}.Debug|Any CPU.ActiveCfg = Debug|Any CPU
		{D3514BCF-41CF-4C5E-AB1D-D8C358D043A6}.Debug|Any CPU.Build.0 = Debug|Any CPU
		{D3514BCF-41CF-4C5E-AB1D-D8C358D043A6}.Release|Any CPU.ActiveCfg = Release|Any CPU
		{D3514BCF-41CF-4C5E-AB1D-D8C358D043A6}.Release|Any CPU.Build.0 = Release|Any CPU
	EndGlobalSection
	GlobalSection(SolutionProperties) = preSolution
		HideSolutionNode = FALSE
	EndGlobalSection
	GlobalSection(ExtensibilityGlobals) = postSolution
		SolutionGuid = {A1F83312-9F8C-4673-8057-5CB783B9B5CB}
	EndGlobalSection
EndGlobal
